// !$*UTF8*$!
{
	archiveVersion = 1;
	classes = {
	};
	objectVersion = 46;
	objects = {

/* Begin PBXBuildFile section */
		CC9D910D1FC7CBB300710E93 /* main.m in Sources */ = {isa = PBXBuildFile; fileRef = CC9D910C1FC7CBB300710E93 /* main.m */; };
		CC9D91101FC7CBB300710E93 /* AppDelegate.m in Sources */ = {isa = PBXBuildFile; fileRef = CC9D910F1FC7CBB300710E93 /* AppDelegate.m */; };
		CC9D91181FC7CBB300710E93 /* Assets.xcassets in Resources */ = {isa = PBXBuildFile; fileRef = CC9D91171FC7CBB300710E93 /* Assets.xcassets */; };
		CC9D91281FC7CD9C00710E93 /* YAPMoviedB.m in Sources */ = {isa = PBXBuildFile; fileRef = CC9D91271FC7CD9C00710E93 /* YAPMoviedB.m */; };
		CC9D912C1FC7D54300710E93 /* YAPTableViewController.m in Sources */ = {isa = PBXBuildFile; fileRef = CC9D912B1FC7D54300710E93 /* YAPTableViewController.m */; };
		CC9D91311FC7D9B700710E93 /* YapMovesViewController.m in Sources */ = {isa = PBXBuildFile; fileRef = CC9D912F1FC7D9B700710E93 /* YapMovesViewController.m */; };
		CC9D91321FC7D9B700710E93 /* YapMovesViewController.xib in Resources */ = {isa = PBXBuildFile; fileRef = CC9D91301FC7D9B700710E93 /* YapMovesViewController.xib */; };
		CC9D91341FC7E75A00710E93 /* IT.jpg in Resources */ = {isa = PBXBuildFile; fileRef = CC9D91331FC7E75A00710E93 /* IT.jpg */; };
		CC9D91391FC7F32100710E93 /* YAPNewCellTableViewCell.m in Sources */ = {isa = PBXBuildFile; fileRef = CC9D91371FC7F32100710E93 /* YAPNewCellTableViewCell.m */; };
		CC9D913A1FC7F32100710E93 /* YAPNewCellTableViewCell.xib in Resources */ = {isa = PBXBuildFile; fileRef = CC9D91381FC7F32100710E93 /* YAPNewCellTableViewCell.xib */; };
		CC9D913D1FC8B98C00710E93 /* YAPMoviesdB.m in Sources */ = {isa = PBXBuildFile; fileRef = CC9D913C1FC8B98C00710E93 /* YAPMoviesdB.m */; };
		CC9D913F1FCAA6E800710E93 /* TMDB.png in Resources */ = {isa = PBXBuildFile; fileRef = CC9D913E1FCAA6E800710E93 /* TMDB.png */; };
		CC9D91411FCAA85F00710E93 /* logo-ubidots.png in Resources */ = {isa = PBXBuildFile; fileRef = CC9D91401FCAA85F00710E93 /* logo-ubidots.png */; };
/* End PBXBuildFile section */

/* Begin PBXFileReference section */
		CC9D91081FC7CBB300710E93 /* MoviedB.app */ = {isa = PBXFileReference; explicitFileType = wrapper.application; includeInIndex = 0; path = MoviedB.app; sourceTree = BUILT_PRODUCTS_DIR; };
		CC9D910C1FC7CBB300710E93 /* main.m */ = {isa = PBXFileReference; lastKnownFileType = sourcecode.c.objc; path = main.m; sourceTree = "<group>"; };
		CC9D910E1FC7CBB300710E93 /* AppDelegate.h */ = {isa = PBXFileReference; lastKnownFileType = sourcecode.c.h; path = AppDelegate.h; sourceTree = "<group>"; };
		CC9D910F1FC7CBB300710E93 /* AppDelegate.m */ = {isa = PBXFileReference; lastKnownFileType = sourcecode.c.objc; lineEnding = 0; path = AppDelegate.m; sourceTree = "<group>"; xcLanguageSpecificationIdentifier = xcode.lang.objc; };
		CC9D91171FC7CBB300710E93 /* Assets.xcassets */ = {isa = PBXFileReference; lastKnownFileType = folder.assetcatalog; path = Assets.xcassets; sourceTree = "<group>"; };
		CC9D911C1FC7CBB300710E93 /* Info.plist */ = {isa = PBXFileReference; lastKnownFileType = text.plist.xml; path = Info.plist; sourceTree = "<group>"; };
		CC9D91261FC7CD9C00710E93 /* YAPMoviedB.h */ = {isa = PBXFileReference; fileEncoding = 4; lastKnownFileType = sourcecode.c.h; lineEnding = 0; name = YAPMoviedB.h; path = ../YAPMoviedB.h; sourceTree = "<group>"; xcLanguageSpecificationIdentifier = xcode.lang.objcpp; };
		CC9D91271FC7CD9C00710E93 /* YAPMoviedB.m */ = {isa = PBXFileReference; fileEncoding = 4; lastKnownFileType = sourcecode.c.objc; lineEnding = 0; name = YAPMoviedB.m; path = ../YAPMoviedB.m; sourceTree = "<group>"; xcLanguageSpecificationIdentifier = xcode.lang.objc; };
		CC9D912A1FC7D54300710E93 /* YAPTableViewController.h */ = {isa = PBXFileReference; fileEncoding = 4; lastKnownFileType = sourcecode.c.h; path = YAPTableViewController.h; sourceTree = "<group>"; };
		CC9D912B1FC7D54300710E93 /* YAPTableViewController.m */ = {isa = PBXFileReference; fileEncoding = 4; lastKnownFileType = sourcecode.c.objc; lineEnding = 0; path = YAPTableViewController.m; sourceTree = "<group>"; xcLanguageSpecificationIdentifier = xcode.lang.objc; };
		CC9D912E1FC7D9B700710E93 /* YapMovesViewController.h */ = {isa = PBXFileReference; fileEncoding = 4; lastKnownFileType = sourcecode.c.h; lineEnding = 0; path = YapMovesViewController.h; sourceTree = "<group>"; xcLanguageSpecificationIdentifier = xcode.lang.objcpp; };
		CC9D912F1FC7D9B700710E93 /* YapMovesViewController.m */ = {isa = PBXFileReference; fileEncoding = 4; lastKnownFileType = sourcecode.c.objc; path = YapMovesViewController.m; sourceTree = "<group>"; };
		CC9D91301FC7D9B700710E93 /* YapMovesViewController.xib */ = {isa = PBXFileReference; fileEncoding = 4; lastKnownFileType = file.xib; path = YapMovesViewController.xib; sourceTree = "<group>"; };
		CC9D91331FC7E75A00710E93 /* IT.jpg */ = {isa = PBXFileReference; lastKnownFileType = image.jpeg; path = IT.jpg; sourceTree = "<group>"; };
		CC9D91361FC7F32100710E93 /* YAPNewCellTableViewCell.h */ = {isa = PBXFileReference; fileEncoding = 4; lastKnownFileType = sourcecode.c.h; lineEnding = 0; path = YAPNewCellTableViewCell.h; sourceTree = "<group>"; xcLanguageSpecificationIdentifier = xcode.lang.objcpp; };
		CC9D91371FC7F32100710E93 /* YAPNewCellTableViewCell.m */ = {isa = PBXFileReference; fileEncoding = 4; lastKnownFileType = sourcecode.c.objc; path = YAPNewCellTableViewCell.m; sourceTree = "<group>"; };
		CC9D91381FC7F32100710E93 /* YAPNewCellTableViewCell.xib */ = {isa = PBXFileReference; fileEncoding = 4; lastKnownFileType = file.xib; path = YAPNewCellTableViewCell.xib; sourceTree = "<group>"; };
		CC9D913B1FC8B98C00710E93 /* YAPMoviesdB.h */ = {isa = PBXFileReference; fileEncoding = 4; lastKnownFileType = sourcecode.c.h; path = YAPMoviesdB.h; sourceTree = "<group>"; };
		CC9D913C1FC8B98C00710E93 /* YAPMoviesdB.m */ = {isa = PBXFileReference; fileEncoding = 4; lastKnownFileType = sourcecode.c.objc; path = YAPMoviesdB.m; sourceTree = "<group>"; };
		CC9D913E1FCAA6E800710E93 /* TMDB.png */ = {isa = PBXFileReference; lastKnownFileType = image.png; path = TMDB.png; sourceTree = "<group>"; };
		CC9D91401FCAA85F00710E93 /* logo-ubidots.png */ = {isa = PBXFileReference; lastKnownFileType = image.png; path = "logo-ubidots.png"; sourceTree = "<group>"; };
/* End PBXFileReference section */

/* Begin PBXFrameworksBuildPhase section */
		CC9D91051FC7CBB300710E93 /* Frameworks */ = {
			isa = PBXFrameworksBuildPhase;
			buildActionMask = 2147483647;
			files = (
			);
			runOnlyForDeploymentPostprocessing = 0;
		};
/* End PBXFrameworksBuildPhase section */

/* Begin PBXGroup section */
		CC9D90FF1FC7CBB300710E93 = {
			isa = PBXGroup;
			children = (
				CC9D910A1FC7CBB300710E93 /* MoviedB */,
				CC9D91091FC7CBB300710E93 /* Products */,
			);
			sourceTree = "<group>";
		};
		CC9D91091FC7CBB300710E93 /* Products */ = {
			isa = PBXGroup;
			children = (
				CC9D91081FC7CBB300710E93 /* MoviedB.app */,
			);
			name = Products;
			sourceTree = "<group>";
		};
		CC9D910A1FC7CBB300710E93 /* MoviedB */ = {
			isa = PBXGroup;
			children = (
				CC9D91351FC7E75E00710E93 /* Resorcues */,
				CC9D912D1FC7D54900710E93 /* Controllers */,
				CC9D91291FC7CDA500710E93 /* Model */,
				CC9D910E1FC7CBB300710E93 /* AppDelegate.h */,
				CC9D910F1FC7CBB300710E93 /* AppDelegate.m */,
				CC9D91171FC7CBB300710E93 /* Assets.xcassets */,
				CC9D911C1FC7CBB300710E93 /* Info.plist */,
				CC9D910B1FC7CBB300710E93 /* Supporting Files */,
			);
			path = MoviedB;
			sourceTree = "<group>";
		};
		CC9D910B1FC7CBB300710E93 /* Supporting Files */ = {
			isa = PBXGroup;
			children = (
				CC9D910C1FC7CBB300710E93 /* main.m */,
			);
			name = "Supporting Files";
			sourceTree = "<group>";
		};
		CC9D91291FC7CDA500710E93 /* Model */ = {
			isa = PBXGroup;
			children = (
				CC9D913B1FC8B98C00710E93 /* YAPMoviesdB.h */,
				CC9D913C1FC8B98C00710E93 /* YAPMoviesdB.m */,
				CC9D91261FC7CD9C00710E93 /* YAPMoviedB.h */,
				CC9D91271FC7CD9C00710E93 /* YAPMoviedB.m */,
			);
			name = Model;
			sourceTree = "<group>";
		};
		CC9D912D1FC7D54900710E93 /* Controllers */ = {
			isa = PBXGroup;
			children = (
				CC9D912A1FC7D54300710E93 /* YAPTableViewController.h */,
				CC9D912B1FC7D54300710E93 /* YAPTableViewController.m */,
				CC9D912E1FC7D9B700710E93 /* YapMovesViewController.h */,
				CC9D912F1FC7D9B700710E93 /* YapMovesViewController.m */,
				CC9D91301FC7D9B700710E93 /* YapMovesViewController.xib */,
				CC9D91361FC7F32100710E93 /* YAPNewCellTableViewCell.h */,
				CC9D91371FC7F32100710E93 /* YAPNewCellTableViewCell.m */,
				CC9D91381FC7F32100710E93 /* YAPNewCellTableViewCell.xib */,
			);
			name = Controllers;
			sourceTree = "<group>";
		};
		CC9D91351FC7E75E00710E93 /* Resorcues */ = {
			isa = PBXGroup;
			children = (
				CC9D91331FC7E75A00710E93 /* IT.jpg */,
				CC9D91401FCAA85F00710E93 /* logo-ubidots.png */,
				CC9D913E1FCAA6E800710E93 /* TMDB.png */,
			);
			name = Resorcues;
			sourceTree = "<group>";
		};
/* End PBXGroup section */

/* Begin PBXNativeTarget section */
		CC9D91071FC7CBB300710E93 /* MoviedB */ = {
			isa = PBXNativeTarget;
			buildConfigurationList = CC9D911F1FC7CBB300710E93 /* Build configuration list for PBXNativeTarget "MoviedB" */;
			buildPhases = (
				CC9D91041FC7CBB300710E93 /* Sources */,
				CC9D91051FC7CBB300710E93 /* Frameworks */,
				CC9D91061FC7CBB300710E93 /* Resources */,
			);
			buildRules = (
			);
			dependencies = (
			);
			name = MoviedB;
			productName = MoviedB;
			productReference = CC9D91081FC7CBB300710E93 /* MoviedB.app */;
			productType = "com.apple.product-type.application";
		};
/* End PBXNativeTarget section */

/* Begin PBXProject section */
		CC9D91001FC7CBB300710E93 /* Project object */ = {
			isa = PBXProject;
			attributes = {
				LastUpgradeCheck = 0830;
				ORGANIZATIONNAME = "Yebrail Andres Pacheco jaime";
				TargetAttributes = {
					CC9D91071FC7CBB300710E93 = {
						CreatedOnToolsVersion = 8.3.2;
						DevelopmentTeam = 6R5Y393LFT;
						ProvisioningStyle = Automatic;
					};
				};
			};
			buildConfigurationList = CC9D91031FC7CBB300710E93 /* Build configuration list for PBXProject "MoviedB" */;
			compatibilityVersion = "Xcode 3.2";
			developmentRegion = English;
			hasScannedForEncodings = 0;
			knownRegions = (
				en,
				Base,
			);
			mainGroup = CC9D90FF1FC7CBB300710E93;
			productRefGroup = CC9D91091FC7CBB300710E93 /* Products */;
			projectDirPath = "";
			projectRoot = "";
			targets = (
				CC9D91071FC7CBB300710E93 /* MoviedB */,
			);
		};
/* End PBXProject section */

/* Begin PBXResourcesBuildPhase section */
		CC9D91061FC7CBB300710E93 /* Resources */ = {
			isa = PBXResourcesBuildPhase;
			buildActionMask = 2147483647;
			files = (
				CC9D91181FC7CBB300710E93 /* Assets.xcassets in Resources */,
				CC9D91411FCAA85F00710E93 /* logo-ubidots.png in Resources */,
				CC9D91341FC7E75A00710E93 /* IT.jpg in Resources */,
				CC9D913F1FCAA6E800710E93 /* TMDB.png in Resources */,
				CC9D91321FC7D9B700710E93 /* YapMovesViewController.xib in Resources */,
				CC9D913A1FC7F32100710E93 /* YAPNewCellTableViewCell.xib in Resources */,
			);
			runOnlyForDeploymentPostprocessing = 0;
		};
/* End PBXResourcesBuildPhase section */

/* Begin PBXSourcesBuildPhase section */
		CC9D91041FC7CBB300710E93 /* Sources */ = {
			isa = PBXSourcesBuildPhase;
			buildActionMask = 2147483647;
			files = (
				CC9D91311FC7D9B700710E93 /* YapMovesViewController.m in Sources */,
				CC9D912C1FC7D54300710E93 /* YAPTableViewController.m in Sources */,
				CC9D91101FC7CBB300710E93 /* AppDelegate.m in Sources */,
				CC9D91391FC7F32100710E93 /* YAPNewCellTableViewCell.m in Sources */,
				CC9D91281FC7CD9C00710E93 /* YAPMoviedB.m in Sources */,
				CC9D910D1FC7CBB300710E93 /* main.m in Sources */,
				CC9D913D1FC8B98C00710E93 /* YAPMoviesdB.m in Sources */,
			);
			runOnlyForDeploymentPostprocessing = 0;
		};
/* End PBXSourcesBuildPhase section */

/* Begin XCBuildConfiguration section */
		CC9D911D1FC7CBB300710E93 /* Debug */ = {
			isa = XCBuildConfiguration;
			buildSettings = {
				ALWAYS_SEARCH_USER_PATHS = NO;
				CLANG_ANALYZER_NONNULL = YES;
				CLANG_ANALYZER_NUMBER_OBJECT_CONVERSION = YES_AGGRESSIVE;
				CLANG_CXX_LANGUAGE_STANDARD = "gnu++0x";
				CLANG_CXX_LIBRARY = "libc++";
				CLANG_ENABLE_MODULES = YES;
				CLANG_ENABLE_OBJC_ARC = YES;
				CLANG_WARN_BOOL_CONVERSION = YES;
				CLANG_WARN_CONSTANT_CONVERSION = YES;
				CLANG_WARN_DIRECT_OBJC_ISA_USAGE = YES_ERROR;
				CLANG_WARN_DOCUMENTATION_COMMENTS = YES;
				CLANG_WARN_EMPTY_BODY = YES;
				CLANG_WARN_ENUM_CONVERSION = YES;
				CLANG_WARN_INFINITE_RECURSION = YES;
				CLANG_WARN_INT_CONVERSION = YES;
				CLANG_WARN_OBJC_ROOT_CLASS = YES_ERROR;
				CLANG_WARN_SUSPICIOUS_MOVE = YES;
				CLANG_WARN_UNREACHABLE_CODE = YES;
				CLANG_WARN__DUPLICATE_METHOD_MATCH = YES;
				"CODE_SIGN_IDENTITY[sdk=iphoneos*]" = "iPhone Developer";
				COPY_PHASE_STRIP = NO;
				DEBUG_INFORMATION_FORMAT = dwarf;
				ENABLE_STRICT_OBJC_MSGSEND = YES;
				ENABLE_TESTABILITY = YES;
				GCC_C_LANGUAGE_STANDARD = gnu99;
				GCC_DYNAMIC_NO_PIC = NO;
				GCC_NO_COMMON_BLOCKS = YES;
				GCC_OPTIMIZATION_LEVEL = 0;
				GCC_PREPROCESSOR_DEFINITIONS = (
					"DEBUG=1",
					"$(inherited)",
				);
				GCC_WARN_64_TO_32_BIT_CONVERSION = YES;
				GCC_WARN_ABOUT_RETURN_TYPE = YES_ERROR;
				GCC_WARN_UNDECLARED_SELECTOR = YES;
				GCC_WARN_UNINITIALIZED_AUTOS = YES_AGGRESSIVE;
				GCC_WARN_UNUSED_FUNCTION = YES;
				GCC_WARN_UNUSED_VARIABLE = YES;
				IPHONEOS_DEPLOYMENT_TARGET = 10.2;
				MTL_ENABLE_DEBUG_INFO = YES;
				ONLY_ACTIVE_ARCH = YES;
				SDKROOT = iphoneos;
			};
			name = Debug;
		};
		CC9D911E1FC7CBB300710E93 /* Release */ = {
			isa = XCBuildConfiguration;
			buildSettings = {
				ALWAYS_SEARCH_USER_PATHS = NO;
				CLANG_ANALYZER_NONNULL = YES;
				CLANG_ANALYZER_NUMBER_OBJECT_CONVERSION = YES_AGGRESSIVE;
				CLANG_CXX_LANGUAGE_STANDARD = "gnu++0x";
				CLANG_CXX_LIBRARY = "libc++";
				CLANG_ENABLE_MODULES = YES;
				CLANG_ENABLE_OBJC_ARC = YES;
				CLANG_WARN_BOOL_CONVERSION = YES;
				CLANG_WARN_CONSTANT_CONVERSION = YES;
				CLANG_WARN_DIRECT_OBJC_ISA_USAGE = YES_ERROR;
				CLANG_WARN_DOCUMENTATION_COMMENTS = YES;
				CLANG_WARN_EMPTY_BODY = YES;
				CLANG_WARN_ENUM_CONVERSION = YES;
				CLANG_WARN_INFINITE_RECURSION = YES;
				CLANG_WARN_INT_CONVERSION = YES;
				CLANG_WARN_OBJC_ROOT_CLASS = YES_ERROR;
				CLANG_WARN_SUSPICIOUS_MOVE = YES;
				CLANG_WARN_UNREACHABLE_CODE = YES;
				CLANG_WARN__DUPLICATE_METHOD_MATCH = YES;
				"CODE_SIGN_IDENTITY[sdk=iphoneos*]" = "iPhone Developer";
				COPY_PHASE_STRIP = NO;
				DEBUG_INFORMATION_FORMAT = "dwarf-with-dsym";
				ENABLE_NS_ASSERTIONS = NO;
				ENABLE_STRICT_OBJC_MSGSEND = YES;
				GCC_C_LANGUAGE_STANDARD = gnu99;
				GCC_NO_COMMON_BLOCKS = YES;
				GCC_WARN_64_TO_32_BIT_CONVERSION = YES;
				GCC_WARN_ABOUT_RETURN_TYPE = YES_ERROR;
				GCC_WARN_UNDECLARED_SELECTOR = YES;
				GCC_WARN_UNINITIALIZED_AUTOS = YES_AGGRESSIVE;
				GCC_WARN_UNUSED_FUNCTION = YES;
				GCC_WARN_UNUSED_VARIABLE = YES;
				IPHONEOS_DEPLOYMENT_TARGET = 10.2;
				MTL_ENABLE_DEBUG_INFO = NO;
				SDKROOT = iphoneos;
				VALIDATE_PRODUCT = YES;
			};
			name = Release;
		};
		CC9D91201FC7CBB300710E93 /* Debug */ = {
			isa = XCBuildConfiguration;
			buildSettings = {
				ASSETCATALOG_COMPILER_APPICON_NAME = AppIcon;
				DEVELOPMENT_TEAM = 6R5Y393LFT;
				INFOPLIST_FILE = MoviedB/Info.plist;
				LD_RUNPATH_SEARCH_PATHS = "$(inherited) @executable_path/Frameworks";
				PRODUCT_BUNDLE_IDENTIFIER = YAP.MoviedB;
				PRODUCT_NAME = "$(TARGET_NAME)";
			};
			name = Debug;
		};
		CC9D91211FC7CBB300710E93 /* Release */ = {
			isa = XCBuildConfiguration;
			buildSettings = {
				ASSETCATALOG_COMPILER_APPICON_NAME = AppIcon;
				DEVELOPMENT_TEAM = 6R5Y393LFT;
				INFOPLIST_FILE = MoviedB/Info.plist;
				LD_RUNPATH_SEARCH_PATHS = "$(inherited) @executable_path/Frameworks";
				PRODUCT_BUNDLE_IDENTIFIER = YAP.MoviedB;
				PRODUCT_NAME = "$(TARGET_NAME)";
			};
			name = Release;
		};
/* End XCBuildConfiguration section */

/* Begin XCConfigurationList section */
		CC9D91031FC7CBB300710E93 /* Build configuration list for PBXProject "MoviedB" */ = {
			isa = XCConfigurationList;
			buildConfigurations = (
				CC9D911D1FC7CBB300710E93 /* Debug */,
				CC9D911E1FC7CBB300710E93 /* Release */,
			);
			defaultConfigurationIsVisible = 0;
			defaultConfigurationName = Release;
		};
		CC9D911F1FC7CBB300710E93 /* Build configuration list for PBXNativeTarget "MoviedB" */ = {
			isa = XCConfigurationList;
			buildConfigurations = (
				CC9D91201FC7CBB300710E93 /* Debug */,
				CC9D91211FC7CBB300710E93 /* Release */,
			);
			defaultConfigurationIsVisible = 0;
		};
/* End XCConfigurationList section */
	};
	rootObject = CC9D91001FC7CBB300710E93 /* Project object */;
}
